// !$*UTF8*$!
{
	archiveVersion = 1;
	classes = {
	};
	objectVersion = 56;
	objects = {

/* Begin PBXBuildFile section */
		66951829296CA88A0008E5DB /* AppDelegate.swift in Sources */ = {isa = PBXBuildFile; fileRef = 66951828296CA88A0008E5DB /* AppDelegate.swift */; };
		6695182B296CA88A0008E5DB /* SceneDelegate.swift in Sources */ = {isa = PBXBuildFile; fileRef = 6695182A296CA88A0008E5DB /* SceneDelegate.swift */; };
		6695182D296CA88A0008E5DB /* ViewController.swift in Sources */ = {isa = PBXBuildFile; fileRef = 6695182C296CA88A0008E5DB /* ViewController.swift */; };
		66951830296CA88A0008E5DB /* Main.storyboard in Resources */ = {isa = PBXBuildFile; fileRef = 6695182E296CA88A0008E5DB /* Main.storyboard */; };
		66951832296CA88C0008E5DB /* Assets.xcassets in Resources */ = {isa = PBXBuildFile; fileRef = 66951831296CA88C0008E5DB /* Assets.xcassets */; };
		66951835296CA88C0008E5DB /* LaunchScreen.storyboard in Resources */ = {isa = PBXBuildFile; fileRef = 66951833296CA88C0008E5DB /* LaunchScreen.storyboard */; };
		6695183E296CA9B10008E5DB /* Moya in Frameworks */ = {isa = PBXBuildFile; productRef = 6695183D296CA9B10008E5DB /* Moya */; };
		66951843296CAA1E0008E5DB /* BaseTarget.swift in Sources */ = {isa = PBXBuildFile; fileRef = 66951842296CAA1E0008E5DB /* BaseTarget.swift */; };
		66951846296CABB30008E5DB /* TranslateAPI.swift in Sources */ = {isa = PBXBuildFile; fileRef = 66951845296CABB30008E5DB /* TranslateAPI.swift */; };
		6695184B296CAC660008E5DB /* DetectRequest.swift in Sources */ = {isa = PBXBuildFile; fileRef = 6695184A296CAC660008E5DB /* DetectRequest.swift */; };
		6695184D296CAD410008E5DB /* DetectResponse.swift in Sources */ = {isa = PBXBuildFile; fileRef = 6695184C296CAD410008E5DB /* DetectResponse.swift */; };
		66951850296CAE370008E5DB /* NetworkManager.swift in Sources */ = {isa = PBXBuildFile; fileRef = 6695184F296CAE370008E5DB /* NetworkManager.swift */; };
		66BA8017296DE564007BF132 /* UIView+Ext.swift in Sources */ = {isa = PBXBuildFile; fileRef = 66BA8016296DE563007BF132 /* UIView+Ext.swift */; };
/* End PBXBuildFile section */

/* Begin PBXFileReference section */
		66951825296CA88A0008E5DB /* TranslationMVVM.app */ = {isa = PBXFileReference; explicitFileType = wrapper.application; includeInIndex = 0; path = TranslationMVVM.app; sourceTree = BUILT_PRODUCTS_DIR; };
		66951828296CA88A0008E5DB /* AppDelegate.swift */ = {isa = PBXFileReference; lastKnownFileType = sourcecode.swift; path = AppDelegate.swift; sourceTree = "<group>"; };
		6695182A296CA88A0008E5DB /* SceneDelegate.swift */ = {isa = PBXFileReference; lastKnownFileType = sourcecode.swift; path = SceneDelegate.swift; sourceTree = "<group>"; };
		6695182C296CA88A0008E5DB /* ViewController.swift */ = {isa = PBXFileReference; lastKnownFileType = sourcecode.swift; path = ViewController.swift; sourceTree = "<group>"; };
		6695182F296CA88A0008E5DB /* Base */ = {isa = PBXFileReference; lastKnownFileType = file.storyboard; name = Base; path = Base.lproj/Main.storyboard; sourceTree = "<group>"; };
		66951831296CA88C0008E5DB /* Assets.xcassets */ = {isa = PBXFileReference; lastKnownFileType = folder.assetcatalog; path = Assets.xcassets; sourceTree = "<group>"; };
		66951834296CA88C0008E5DB /* Base */ = {isa = PBXFileReference; lastKnownFileType = file.storyboard; name = Base; path = Base.lproj/LaunchScreen.storyboard; sourceTree = "<group>"; };
		66951836296CA88C0008E5DB /* Info.plist */ = {isa = PBXFileReference; lastKnownFileType = text.plist.xml; path = Info.plist; sourceTree = "<group>"; };
		66951842296CAA1E0008E5DB /* BaseTarget.swift */ = {isa = PBXFileReference; lastKnownFileType = sourcecode.swift; path = BaseTarget.swift; sourceTree = "<group>"; };
		66951845296CABB30008E5DB /* TranslateAPI.swift */ = {isa = PBXFileReference; lastKnownFileType = sourcecode.swift; path = TranslateAPI.swift; sourceTree = "<group>"; };
		6695184A296CAC660008E5DB /* DetectRequest.swift */ = {isa = PBXFileReference; lastKnownFileType = sourcecode.swift; path = DetectRequest.swift; sourceTree = "<group>"; };
		6695184C296CAD410008E5DB /* DetectResponse.swift */ = {isa = PBXFileReference; lastKnownFileType = sourcecode.swift; path = DetectResponse.swift; sourceTree = "<group>"; };
		6695184F296CAE370008E5DB /* NetworkManager.swift */ = {isa = PBXFileReference; lastKnownFileType = sourcecode.swift; path = NetworkManager.swift; sourceTree = "<group>"; };
		66BA8016296DE563007BF132 /* UIView+Ext.swift */ = {isa = PBXFileReference; lastKnownFileType = sourcecode.swift; path = "UIView+Ext.swift"; sourceTree = "<group>"; };
/* End PBXFileReference section */

/* Begin PBXFrameworksBuildPhase section */
		66951822296CA88A0008E5DB /* Frameworks */ = {
			isa = PBXFrameworksBuildPhase;
			buildActionMask = 2147483647;
			files = (
				6695183E296CA9B10008E5DB /* Moya in Frameworks */,
			);
			runOnlyForDeploymentPostprocessing = 0;
		};
/* End PBXFrameworksBuildPhase section */

/* Begin PBXGroup section */
		6695181C296CA88A0008E5DB = {
			isa = PBXGroup;
			children = (
				66951827296CA88A0008E5DB /* TranslationMVVM */,
				66951826296CA88A0008E5DB /* Products */,
			);
			sourceTree = "<group>";
		};
		66951826296CA88A0008E5DB /* Products */ = {
			isa = PBXGroup;
			children = (
				66951825296CA88A0008E5DB /* TranslationMVVM.app */,
			);
			name = Products;
			sourceTree = "<group>";
		};
		66951827296CA88A0008E5DB /* TranslationMVVM */ = {
			isa = PBXGroup;
			children = (
				66BA8015296DE4E0007BF132 /* Extensions */,
				66951847296CAC1F0008E5DB /* Models */,
				66951840296CA9DA0008E5DB /* Networking */,
				6695183F296CA9CC0008E5DB /* Scenes */,
				66951828296CA88A0008E5DB /* AppDelegate.swift */,
				6695182A296CA88A0008E5DB /* SceneDelegate.swift */,
				6695182E296CA88A0008E5DB /* Main.storyboard */,
				66951831296CA88C0008E5DB /* Assets.xcassets */,
				66951833296CA88C0008E5DB /* LaunchScreen.storyboard */,
				66951836296CA88C0008E5DB /* Info.plist */,
			);
			path = TranslationMVVM;
			sourceTree = "<group>";
		};
		6695183F296CA9CC0008E5DB /* Scenes */ = {
			isa = PBXGroup;
			children = (
				6695182C296CA88A0008E5DB /* ViewController.swift */,
			);
			path = Scenes;
			sourceTree = "<group>";
		};
		66951840296CA9DA0008E5DB /* Networking */ = {
			isa = PBXGroup;
			children = (
				6695184E296CAE260008E5DB /* NetworkManager */,
				66951841296CA9E70008E5DB /* BaseTarget */,
				66951844296CAB2F0008E5DB /* TranslateAPI */,
			);
			path = Networking;
			sourceTree = "<group>";
		};
		66951841296CA9E70008E5DB /* BaseTarget */ = {
			isa = PBXGroup;
			children = (
				66951842296CAA1E0008E5DB /* BaseTarget.swift */,
			);
			path = BaseTarget;
			sourceTree = "<group>";
		};
		66951844296CAB2F0008E5DB /* TranslateAPI */ = {
			isa = PBXGroup;
			children = (
				66951845296CABB30008E5DB /* TranslateAPI.swift */,
			);
			path = TranslateAPI;
			sourceTree = "<group>";
		};
		66951847296CAC1F0008E5DB /* Models */ = {
			isa = PBXGroup;
			children = (
				66951849296CAC460008E5DB /* Responses */,
				66951848296CAC400008E5DB /* Requests */,
			);
			path = Models;
			sourceTree = "<group>";
		};
		66951848296CAC400008E5DB /* Requests */ = {
			isa = PBXGroup;
			children = (
				6695184A296CAC660008E5DB /* DetectRequest.swift */,
			);
			path = Requests;
			sourceTree = "<group>";
		};
		66951849296CAC460008E5DB /* Responses */ = {
			isa = PBXGroup;
			children = (
				6695184C296CAD410008E5DB /* DetectResponse.swift */,
			);
			path = Responses;
			sourceTree = "<group>";
		};
		6695184E296CAE260008E5DB /* NetworkManager */ = {
			isa = PBXGroup;
			children = (
				6695184F296CAE370008E5DB /* NetworkManager.swift */,
			);
			path = NetworkManager;
			sourceTree = "<group>";
		};
		66BA8015296DE4E0007BF132 /* Extensions */ = {
			isa = PBXGroup;
			children = (
				66BA8016296DE563007BF132 /* UIView+Ext.swift */,
			);
			path = Extensions;
			sourceTree = "<group>";
		};
/* End PBXGroup section */

/* Begin PBXNativeTarget section */
		66951824296CA88A0008E5DB /* TranslationMVVM */ = {
			isa = PBXNativeTarget;
			buildConfigurationList = 66951839296CA88C0008E5DB /* Build configuration list for PBXNativeTarget "TranslationMVVM" */;
			buildPhases = (
				66951821296CA88A0008E5DB /* Sources */,
				66951822296CA88A0008E5DB /* Frameworks */,
				66951823296CA88A0008E5DB /* Resources */,
			);
			buildRules = (
			);
			dependencies = (
			);
			name = TranslationMVVM;
			packageProductDependencies = (
				6695183D296CA9B10008E5DB /* Moya */,
			);
			productName = TranslationMVVM;
			productReference = 66951825296CA88A0008E5DB /* TranslationMVVM.app */;
			productType = "com.apple.product-type.application";
		};
/* End PBXNativeTarget section */

/* Begin PBXProject section */
		6695181D296CA88A0008E5DB /* Project object */ = {
			isa = PBXProject;
			attributes = {
				BuildIndependentTargetsInParallel = 1;
				LastSwiftUpdateCheck = 1420;
				LastUpgradeCheck = 1420;
				TargetAttributes = {
					66951824296CA88A0008E5DB = {
						CreatedOnToolsVersion = 14.2;
					};
				};
			};
			buildConfigurationList = 66951820296CA88A0008E5DB /* Build configuration list for PBXProject "TranslationMVVM" */;
			compatibilityVersion = "Xcode 14.0";
			developmentRegion = en;
			hasScannedForEncodings = 0;
			knownRegions = (
				en,
				Base,
			);
			mainGroup = 6695181C296CA88A0008E5DB;
			packageReferences = (
				6695183C296CA9B10008E5DB /* XCRemoteSwiftPackageReference "Moya" */,
			);
			productRefGroup = 66951826296CA88A0008E5DB /* Products */;
			projectDirPath = "";
			projectRoot = "";
			targets = (
				66951824296CA88A0008E5DB /* TranslationMVVM */,
			);
		};
/* End PBXProject section */

/* Begin PBXResourcesBuildPhase section */
		66951823296CA88A0008E5DB /* Resources */ = {
			isa = PBXResourcesBuildPhase;
			buildActionMask = 2147483647;
			files = (
				66951835296CA88C0008E5DB /* LaunchScreen.storyboard in Resources */,
				66951832296CA88C0008E5DB /* Assets.xcassets in Resources */,
				66951830296CA88A0008E5DB /* Main.storyboard in Resources */,
			);
			runOnlyForDeploymentPostprocessing = 0;
		};
/* End PBXResourcesBuildPhase section */

/* Begin PBXSourcesBuildPhase section */
		66951821296CA88A0008E5DB /* Sources */ = {
			isa = PBXSourcesBuildPhase;
			buildActionMask = 2147483647;
			files = (
				6695182D296CA88A0008E5DB /* ViewController.swift in Sources */,
				6695184D296CAD410008E5DB /* DetectResponse.swift in Sources */,
				66951846296CABB30008E5DB /* TranslateAPI.swift in Sources */,
				66951843296CAA1E0008E5DB /* BaseTarget.swift in Sources */,
				66951850296CAE370008E5DB /* NetworkManager.swift in Sources */,
				66BA8017296DE564007BF132 /* UIView+Ext.swift in Sources */,
				6695184B296CAC660008E5DB /* DetectRequest.swift in Sources */,
				66951829296CA88A0008E5DB /* AppDelegate.swift in Sources */,
				6695182B296CA88A0008E5DB /* SceneDelegate.swift in Sources */,
			);
			runOnlyForDeploymentPostprocessing = 0;
		};
/* End PBXSourcesBuildPhase section */

/* Begin PBXVariantGroup section */
		6695182E296CA88A0008E5DB /* Main.storyboard */ = {
			isa = PBXVariantGroup;
			children = (
				6695182F296CA88A0008E5DB /* Base */,
			);
			name = Main.storyboard;
			sourceTree = "<group>";
		};
		66951833296CA88C0008E5DB /* LaunchScreen.storyboard */ = {
			isa = PBXVariantGroup;
			children = (
				66951834296CA88C0008E5DB /* Base */,
			);
			name = LaunchScreen.storyboard;
			sourceTree = "<group>";
		};
/* End PBXVariantGroup section */

/* Begin XCBuildConfiguration section */
		66951837296CA88C0008E5DB /* Debug */ = {
			isa = XCBuildConfiguration;
			buildSettings = {
				ALWAYS_SEARCH_USER_PATHS = NO;
				CLANG_ANALYZER_NONNULL = YES;
				CLANG_ANALYZER_NUMBER_OBJECT_CONVERSION = YES_AGGRESSIVE;
				CLANG_CXX_LANGUAGE_STANDARD = "gnu++20";
				CLANG_ENABLE_MODULES = YES;
				CLANG_ENABLE_OBJC_ARC = YES;
				CLANG_ENABLE_OBJC_WEAK = YES;
				CLANG_WARN_BLOCK_CAPTURE_AUTORELEASING = YES;
				CLANG_WARN_BOOL_CONVERSION = YES;
				CLANG_WARN_COMMA = YES;
				CLANG_WARN_CONSTANT_CONVERSION = YES;
				CLANG_WARN_DEPRECATED_OBJC_IMPLEMENTATIONS = YES;
				CLANG_WARN_DIRECT_OBJC_ISA_USAGE = YES_ERROR;
				CLANG_WARN_DOCUMENTATION_COMMENTS = YES;
				CLANG_WARN_EMPTY_BODY = YES;
				CLANG_WARN_ENUM_CONVERSION = YES;
				CLANG_WARN_INFINITE_RECURSION = YES;
				CLANG_WARN_INT_CONVERSION = YES;
				CLANG_WARN_NON_LITERAL_NULL_CONVERSION = YES;
				CLANG_WARN_OBJC_IMPLICIT_RETAIN_SELF = YES;
				CLANG_WARN_OBJC_LITERAL_CONVERSION = YES;
				CLANG_WARN_OBJC_ROOT_CLASS = YES_ERROR;
				CLANG_WARN_QUOTED_INCLUDE_IN_FRAMEWORK_HEADER = YES;
				CLANG_WARN_RANGE_LOOP_ANALYSIS = YES;
				CLANG_WARN_STRICT_PROTOTYPES = YES;
				CLANG_WARN_SUSPICIOUS_MOVE = YES;
				CLANG_WARN_UNGUARDED_AVAILABILITY = YES_AGGRESSIVE;
				CLANG_WARN_UNREACHABLE_CODE = YES;
				CLANG_WARN__DUPLICATE_METHOD_MATCH = YES;
				COPY_PHASE_STRIP = NO;
				DEBUG_INFORMATION_FORMAT = dwarf;
				ENABLE_STRICT_OBJC_MSGSEND = YES;
				ENABLE_TESTABILITY = YES;
				GCC_C_LANGUAGE_STANDARD = gnu11;
				GCC_DYNAMIC_NO_PIC = NO;
				GCC_NO_COMMON_BLOCKS = YES;
				GCC_OPTIMIZATION_LEVEL = 0;
				GCC_PREPROCESSOR_DEFINITIONS = (
					"DEBUG=1",
					"$(inherited)",
				);
				GCC_WARN_64_TO_32_BIT_CONVERSION = YES;
				GCC_WARN_ABOUT_RETURN_TYPE = YES_ERROR;
				GCC_WARN_UNDECLARED_SELECTOR = YES;
				GCC_WARN_UNINITIALIZED_AUTOS = YES_AGGRESSIVE;
				GCC_WARN_UNUSED_FUNCTION = YES;
				GCC_WARN_UNUSED_VARIABLE = YES;
				IPHONEOS_DEPLOYMENT_TARGET = 16.2;
				MTL_ENABLE_DEBUG_INFO = INCLUDE_SOURCE;
				MTL_FAST_MATH = YES;
				ONLY_ACTIVE_ARCH = YES;
				SDKROOT = iphoneos;
				SWIFT_ACTIVE_COMPILATION_CONDITIONS = DEBUG;
				SWIFT_OPTIMIZATION_LEVEL = "-Onone";
			};
			name = Debug;
		};
		66951838296CA88C0008E5DB /* Release */ = {
			isa = XCBuildConfiguration;
			buildSettings = {
				ALWAYS_SEARCH_USER_PATHS = NO;
				CLANG_ANALYZER_NONNULL = YES;
				CLANG_ANALYZER_NUMBER_OBJECT_CONVERSION = YES_AGGRESSIVE;
				CLANG_CXX_LANGUAGE_STANDARD = "gnu++20";
				CLANG_ENABLE_MODULES = YES;
				CLANG_ENABLE_OBJC_ARC = YES;
				CLANG_ENABLE_OBJC_WEAK = YES;
				CLANG_WARN_BLOCK_CAPTURE_AUTORELEASING = YES;
				CLANG_WARN_BOOL_CONVERSION = YES;
				CLANG_WARN_COMMA = YES;
				CLANG_WARN_CONSTANT_CONVERSION = YES;
				CLANG_WARN_DEPRECATED_OBJC_IMPLEMENTATIONS = YES;
				CLANG_WARN_DIRECT_OBJC_ISA_USAGE = YES_ERROR;
				CLANG_WARN_DOCUMENTATION_COMMENTS = YES;
				CLANG_WARN_EMPTY_BODY = YES;
				CLANG_WARN_ENUM_CONVERSION = YES;
				CLANG_WARN_INFINITE_RECURSION = YES;
				CLANG_WARN_INT_CONVERSION = YES;
				CLANG_WARN_NON_LITERAL_NULL_CONVERSION = YES;
				CLANG_WARN_OBJC_IMPLICIT_RETAIN_SELF = YES;
				CLANG_WARN_OBJC_LITERAL_CONVERSION = YES;
				CLANG_WARN_OBJC_ROOT_CLASS = YES_ERROR;
				CLANG_WARN_QUOTED_INCLUDE_IN_FRAMEWORK_HEADER = YES;
				CLANG_WARN_RANGE_LOOP_ANALYSIS = YES;
				CLANG_WARN_STRICT_PROTOTYPES = YES;
				CLANG_WARN_SUSPICIOUS_MOVE = YES;
				CLANG_WARN_UNGUARDED_AVAILABILITY = YES_AGGRESSIVE;
				CLANG_WARN_UNREACHABLE_CODE = YES;
				CLANG_WARN__DUPLICATE_METHOD_MATCH = YES;
				COPY_PHASE_STRIP = NO;
				DEBUG_INFORMATION_FORMAT = "dwarf-with-dsym";
				ENABLE_NS_ASSERTIONS = NO;
				ENABLE_STRICT_OBJC_MSGSEND = YES;
				GCC_C_LANGUAGE_STANDARD = gnu11;
				GCC_NO_COMMON_BLOCKS = YES;
				GCC_WARN_64_TO_32_BIT_CONVERSION = YES;
				GCC_WARN_ABOUT_RETURN_TYPE = YES_ERROR;
				GCC_WARN_UNDECLARED_SELECTOR = YES;
				GCC_WARN_UNINITIALIZED_AUTOS = YES_AGGRESSIVE;
				GCC_WARN_UNUSED_FUNCTION = YES;
				GCC_WARN_UNUSED_VARIABLE = YES;
				IPHONEOS_DEPLOYMENT_TARGET = 16.2;
				MTL_ENABLE_DEBUG_INFO = NO;
				MTL_FAST_MATH = YES;
				SDKROOT = iphoneos;
				SWIFT_COMPILATION_MODE = wholemodule;
				SWIFT_OPTIMIZATION_LEVEL = "-O";
				VALIDATE_PRODUCT = YES;
			};
			name = Release;
		};
		6695183A296CA88C0008E5DB /* Debug */ = {
			isa = XCBuildConfiguration;
			buildSettings = {
				ASSETCATALOG_COMPILER_APPICON_NAME = AppIcon;
				ASSETCATALOG_COMPILER_GLOBAL_ACCENT_COLOR_NAME = AccentColor;
				CODE_SIGN_STYLE = Automatic;
				CURRENT_PROJECT_VERSION = 1;
				DEVELOPMENT_TEAM = C996C9WC92;
				GENERATE_INFOPLIST_FILE = YES;
				INFOPLIST_FILE = TranslationMVVM/Info.plist;
				INFOPLIST_KEY_UIApplicationSupportsIndirectInputEvents = YES;
				INFOPLIST_KEY_UILaunchStoryboardName = LaunchScreen;
				INFOPLIST_KEY_UIMainStoryboardFile = Main;
				INFOPLIST_KEY_UISupportedInterfaceOrientations_iPad = "UIInterfaceOrientationPortrait UIInterfaceOrientationPortraitUpsideDown UIInterfaceOrientationLandscapeLeft UIInterfaceOrientationLandscapeRight";
				INFOPLIST_KEY_UISupportedInterfaceOrientations_iPhone = "UIInterfaceOrientationPortrait UIInterfaceOrientationLandscapeLeft UIInterfaceOrientationLandscapeRight";
				LD_RUNPATH_SEARCH_PATHS = (
					"$(inherited)",
					"@executable_path/Frameworks",
				);
				MARKETING_VERSION = 1.0;
				PRODUCT_BUNDLE_IDENTIFIER = com.baturayyasar.TranslationMVVM;
				PRODUCT_NAME = "$(TARGET_NAME)";
				SUPPORTED_PLATFORMS = "iphoneos iphonesimulator";
				SUPPORTS_MACCATALYST = NO;
				SUPPORTS_MAC_DESIGNED_FOR_IPHONE_IPAD = NO;
				SWIFT_EMIT_LOC_STRINGS = YES;
				SWIFT_VERSION = 5.0;
				TARGETED_DEVICE_FAMILY = 1;
			};
			name = Debug;
		};
		6695183B296CA88C0008E5DB /* Release */ = {
			isa = XCBuildConfiguration;
			buildSettings = {
				ASSETCATALOG_COMPILER_APPICON_NAME = AppIcon;
				ASSETCATALOG_COMPILER_GLOBAL_ACCENT_COLOR_NAME = AccentColor;
				CODE_SIGN_STYLE = Automatic;
				CURRENT_PROJECT_VERSION = 1;
				DEVELOPMENT_TEAM = C996C9WC92;
				GENERATE_INFOPLIST_FILE = YES;
				INFOPLIST_FILE = TranslationMVVM/Info.plist;
				INFOPLIST_KEY_UIApplicationSupportsIndirectInputEvents = YES;
				INFOPLIST_KEY_UILaunchStoryboardName = LaunchScreen;
				INFOPLIST_KEY_UIMainStoryboardFile = Main;
				INFOPLIST_KEY_UISupportedInterfaceOrientations_iPad = "UIInterfaceOrientationPortrait UIInterfaceOrientationPortraitUpsideDown UIInterfaceOrientationLandscapeLeft UIInterfaceOrientationLandscapeRight";
				INFOPLIST_KEY_UISupportedInterfaceOrientations_iPhone = "UIInterfaceOrientationPortrait UIInterfaceOrientationLandscapeLeft UIInterfaceOrientationLandscapeRight";
				LD_RUNPATH_SEARCH_PATHS = (
					"$(inherited)",
					"@executable_path/Frameworks",
				);
				MARKETING_VERSION = 1.0;
				PRODUCT_BUNDLE_IDENTIFIER = com.baturayyasar.TranslationMVVM;
				PRODUCT_NAME = "$(TARGET_NAME)";
				SUPPORTED_PLATFORMS = "iphoneos iphonesimulator";
				SUPPORTS_MACCATALYST = NO;
				SUPPORTS_MAC_DESIGNED_FOR_IPHONE_IPAD = NO;
				SWIFT_EMIT_LOC_STRINGS = YES;
				SWIFT_VERSION = 5.0;
				TARGETED_DEVICE_FAMILY = 1;
			};
			name = Release;
		};
/* End XCBuildConfiguration section */

/* Begin XCConfigurationList section */
		66951820296CA88A0008E5DB /* Build configuration list for PBXProject "TranslationMVVM" */ = {
			isa = XCConfigurationList;
			buildConfigurations = (
				66951837296CA88C0008E5DB /* Debug */,
				66951838296CA88C0008E5DB /* Release */,
			);
			defaultConfigurationIsVisible = 0;
			defaultConfigurationName = Release;
		};
		66951839296CA88C0008E5DB /* Build configuration list for PBXNativeTarget "TranslationMVVM" */ = {
			isa = XCConfigurationList;
			buildConfigurations = (
				6695183A296CA88C0008E5DB /* Debug */,
				6695183B296CA88C0008E5DB /* Release */,
			);
			defaultConfigurationIsVisible = 0;
			defaultConfigurationName = Release;
		};
/* End XCConfigurationList section */

/* Begin XCRemoteSwiftPackageReference section */
		6695183C296CA9B10008E5DB /* XCRemoteSwiftPackageReference "Moya" */ = {
			isa = XCRemoteSwiftPackageReference;
			repositoryURL = "https://github.com/Moya/Moya.git";
			requirement = {
				kind = upToNextMajorVersion;
				minimumVersion = 13.0.0;
			};
		};
/* End XCRemoteSwiftPackageReference section */

/* Begin XCSwiftPackageProductDependency section */
		6695183D296CA9B10008E5DB /* Moya */ = {
			isa = XCSwiftPackageProductDependency;
			package = 6695183C296CA9B10008E5DB /* XCRemoteSwiftPackageReference "Moya" */;
			productName = Moya;
		};
/* End XCSwiftPackageProductDependency section */
	};
	rootObject = 6695181D296CA88A0008E5DB /* Project object */;
}
